
Microsoft Visual Studio Solution File, Format Version 12.00
# Visual Studio Version 17
VisualStudioVersion = 17.4.33205.214
MinimumVisualStudioVersion = 10.0.40219.1
Project("{FAE04EC0-301F-11D3-BF4B-00C04F79EFBC}") = "WebAppDI", "WebAppDI\WebAppDI.csproj", "{79A73637-F964-4C44-8EE6-469F93434619}"
EndProject
Project("{FAE04EC0-301F-11D3-BF4B-00C04F79EFBC}") = "Testting", "Testting\Testting.csproj", "{594F02A6-BB4F-46CA-929C-EA297EF88CC0}"
EndProject
Global
	GlobalSection(SolutionConfigurationPlatforms) = preSolution
		Debug|Any CPU = Debug|Any CPU
		Release|Any CPU = Release|Any CPU
	EndGlobalSection
	GlobalSection(ProjectConfigurationPlatforms) = postSolution
		{79A73637-F964-4C44-8EE6-469F93434619}.Debug|Any CPU.ActiveCfg = Debug|Any CPU
		{79A73637-F964-4C44-8EE6-469F93434619}.Debug|Any CPU.Build.0 = Debug|Any CPU
		{79A73637-F964-4C44-8EE6-469F93434619}.Release|Any CPU.ActiveCfg = Release|Any CPU
		{79A73637-F964-4C44-8EE6-469F93434619}.Release|Any CPU.Build.0 = Release|Any CPU
		{594F02A6-BB4F-46CA-929C-EA297EF88CC0}.Debug|Any CPU.ActiveCfg = Debug|Any CPU
		{594F02A6-BB4F-46CA-929C-EA297EF88CC0}.Debug|Any CPU.Build.0 = Debug|Any CPU
		{594F02A6-BB4F-46CA-929C-EA297EF88CC0}.Release|Any CPU.ActiveCfg = Release|Any CPU
		{594F02A6-BB4F-46CA-929C-EA297EF88CC0}.Release|Any CPU.Build.0 = Release|Any CPU
	EndGlobalSection
	GlobalSection(SolutionProperties) = preSolution
		HideSolutionNode = FALSE
	EndGlobalSection
	GlobalSection(ExtensibilityGlobals) = postSolution
		SolutionGuid = {D9DC864D-EB99-4DE6-BC0C-EFAD702A927F}
	EndGlobalSection
EndGlobal
