
Microsoft Visual Studio Solution File, Format Version 12.00
# Visual Studio Version 17
VisualStudioVersion = 17.4.33205.214
MinimumVisualStudioVersion = 10.0.40219.1
Project("{FAE04EC0-301F-11D3-BF4B-00C04F79EFBC}") = "SDA_DependencyInjection", "SDA_DependencyInjection\SDA_DependencyInjection.csproj", "{4CC608ED-EA70-4070-9F84-53547B679A2A}"
EndProject
Project("{FAE04EC0-301F-11D3-BF4B-00C04F79EFBC}") = "SDA_Console_app", "SDA_Console_app\SDA_Console_app.csproj", "{6A7F212F-90FF-4CA7-84D2-457A3429D9A7}"
EndProject
Global
	GlobalSection(SolutionConfigurationPlatforms) = preSolution
		Debug|Any CPU = Debug|Any CPU
		Release|Any CPU = Release|Any CPU
	EndGlobalSection
	GlobalSection(ProjectConfigurationPlatforms) = postSolution
		{4CC608ED-EA70-4070-9F84-53547B679A2A}.Debug|Any CPU.ActiveCfg = Debug|Any CPU
		{4CC608ED-EA70-4070-9F84-53547B679A2A}.Debug|Any CPU.Build.0 = Debug|Any CPU
		{4CC608ED-EA70-4070-9F84-53547B679A2A}.Release|Any CPU.ActiveCfg = Release|Any CPU
		{4CC608ED-EA70-4070-9F84-53547B679A2A}.Release|Any CPU.Build.0 = Release|Any CPU
		{6A7F212F-90FF-4CA7-84D2-457A3429D9A7}.Debug|Any CPU.ActiveCfg = Debug|Any CPU
		{6A7F212F-90FF-4CA7-84D2-457A3429D9A7}.Debug|Any CPU.Build.0 = Debug|Any CPU
		{6A7F212F-90FF-4CA7-84D2-457A3429D9A7}.Release|Any CPU.ActiveCfg = Release|Any CPU
		{6A7F212F-90FF-4CA7-84D2-457A3429D9A7}.Release|Any CPU.Build.0 = Release|Any CPU
	EndGlobalSection
	GlobalSection(SolutionProperties) = preSolution
		HideSolutionNode = FALSE
	EndGlobalSection
	GlobalSection(ExtensibilityGlobals) = postSolution
		SolutionGuid = {16796791-F94C-4B42-829F-2DB7EC21936E}
	EndGlobalSection
EndGlobal
